// !$*UTF8*$!
{
	archiveVersion = 1;
	classes = {
	};
	objectVersion = 77;
	objects = {

/* Begin PBXBuildFile section */
		AE82FE10000000000000000C /* TimeTrackerWidgets.appex in Embed Foundation Extensions */ = {isa = PBXBuildFile; fileRef = AE82FE100000000000000003 /* TimeTrackerWidgets.appex */; settings = {ATTRIBUTES = (RemoveHeadersOnCopy, ); }; };
/* End PBXBuildFile section */

/* Begin PBXContainerItemProxy section */
		AE82FDEA3011600A00DF4692 /* PBXContainerItemProxy */ = {
			isa = PBXContainerItemProxy;
			containerPortal = AE82FDD43011600800DF4692 /* Project object */;
			proxyType = 1;
			remoteGlobalIDString = AE82FDDB3011600800DF4692;
			remoteInfo = TimeTracker;
		};
		AE82FDF43011600A00DF4692 /* PBXContainerItemProxy */ = {
			isa = PBXContainerItemProxy;
			containerPortal = AE82FDD43011600800DF4692 /* Project object */;
			proxyType = 1;
			remoteGlobalIDString = AE82FDDB3011600800DF4692;
			remoteInfo = TimeTracker;
		};
		AE82FE10000000000000000D /* PBXContainerItemProxy */ = {
			isa = PBXContainerItemProxy;
			containerPortal = AE82FDD43011600800DF4692 /* Project object */;
			proxyType = 1;
			remoteGlobalIDString = AE82FE100000000000000004;
			remoteInfo = TimeTrackerWidgets;
		};
/* End PBXContainerItemProxy section */

/* Begin PBXCopyFilesBuildPhase section */
		AE82FE10000000000000000B /* Embed Foundation Extensions */ = {
			isa = PBXCopyFilesBuildPhase;
			buildActionMask = 2147483647;
			dstPath = "";
			dstSubfolderSpec = 13;
			files = (
				AE82FE10000000000000000C /* TimeTrackerWidgets.appex in Embed Foundation Extensions */,
			);
			name = "Embed Foundation Extensions";
			runOnlyForDeploymentPostprocessing = 0;
		};
/* End PBXCopyFilesBuildPhase section */

/* Begin PBXFileReference section */
		AE82FDDC3011600800DF4692 /* TimeTracker.app */ = {isa = PBXFileReference; explicitFileType = wrapper.application; includeInIndex = 0; path = TimeTracker.app; sourceTree = BUILT_PRODUCTS_DIR; };
		AE82FDE93011600A00DF4692 /* TimeTrackerTests.xctest */ = {isa = PBXFileReference; explicitFileType = wrapper.cfbundle; includeInIndex = 0; path = TimeTrackerTests.xctest; sourceTree = BUILT_PRODUCTS_DIR; };
		AE82FDF33011600A00DF4692 /* TimeTrackerUITests.xctest */ = {isa = PBXFileReference; explicitFileType = wrapper.cfbundle; includeInIndex = 0; path = TimeTrackerUITests.xctest; sourceTree = BUILT_PRODUCTS_DIR; };
		AE82FE100000000000000003 /* TimeTrackerWidgets.appex */ = {isa = PBXFileReference; explicitFileType = "wrapper.app-extension"; includeInIndex = 0; path = TimeTrackerWidgets.appex; sourceTree = BUILT_PRODUCTS_DIR; };
/* End PBXFileReference section */

/* Begin PBXFileSystemSynchronizedBuildFileExceptionSet section */
		AE82FE10000000000000000F /* Exceptions for "TimeTrackerWidgets" folder in "TimeTrackerWidgets" target */ = {
			isa = PBXFileSystemSynchronizedBuildFileExceptionSet;
			membershipExceptions = (
				Info.plist,
			);
			target = AE82FE100000000000000004 /* TimeTrackerWidgets */;
		};
		AE82FE100000000000000010 /* Exceptions for "TimeTracker" folder in "TimeTracker" target */ = {
			isa = PBXFileSystemSynchronizedBuildFileExceptionSet;
			membershipExceptions = (
				Info.plist,
			);
			target = AE82FDDB3011600800DF4692 /* TimeTracker */;
		};
/* End PBXFileSystemSynchronizedBuildFileExceptionSet section */

/* Begin PBXFileSystemSynchronizedRootGroup section */
		AE82FDDE3011600800DF4692 /* TimeTracker */ = {
			isa = PBXFileSystemSynchronizedRootGroup;
			exceptions = (
				AE82FE100000000000000010 /* Exceptions for "TimeTracker" folder in "TimeTracker" target */,
			);
			path = TimeTracker;
			sourceTree = "<group>";
		};
		AE82FDEC3011600A00DF4692 /* TimeTrackerTests */ = {
			isa = PBXFileSystemSynchronizedRootGroup;
			path = TimeTrackerTests;
			sourceTree = "<group>";
		};
		AE82FDF63011600A00DF4692 /* TimeTrackerUITests */ = {
			isa = PBXFileSystemSynchronizedRootGroup;
			path = TimeTrackerUITests;
			sourceTree = "<group>";
		};
		AE82FE100000000000000001 /* Shared */ = {
			isa = PBXFileSystemSynchronizedRootGroup;
			path = Shared;
			sourceTree = "<group>";
		};
		AE82FE100000000000000002 /* TimeTrackerWidgets */ = {
			isa = PBXFileSystemSynchronizedRootGroup;
			exceptions = (
				AE82FE10000000000000000F /* Exceptions for "TimeTrackerWidgets" folder in "TimeTrackerWidgets" target */,
			);
			path = TimeTrackerWidgets;
			sourceTree = "<group>";
		};
/* End PBXFileSystemSynchronizedRootGroup section */

/* Begin PBXFrameworksBuildPhase section */
		AE82FDD93011600800DF4692 /* Frameworks */ = {
			isa = PBXFrameworksBuildPhase;
			buildActionMask = 2147483647;
			files = (
			);
			runOnlyForDeploymentPostprocessing = 0;
		};
		AE82FDE63011600A00DF4692 /* Frameworks */ = {
			isa = PBXFrameworksBuildPhase;
			buildActionMask = 2147483647;
			files = (
			);
			runOnlyForDeploymentPostprocessing = 0;
		};
		AE82FDF03011600A00DF4692 /* Frameworks */ = {
			isa = PBXFrameworksBuildPhase;
			buildActionMask = 2147483647;
			files = (
			);
			runOnlyForDeploymentPostprocessing = 0;
		};
		AE82FE100000000000000006 /* Frameworks */ = {
			isa = PBXFrameworksBuildPhase;
			buildActionMask = 2147483647;
			files = (
			);
			runOnlyForDeploymentPostprocessing = 0;
		};
/* End PBXFrameworksBuildPhase section */

/* Begin PBXGroup section */
		AE82FDD33011600800DF4692 = {
			isa = PBXGroup;
			children = (
				AE82FDDE3011600800DF4692 /* TimeTracker */,
				AE82FE100000000000000001 /* Shared */,
				AE82FE100000000000000002 /* TimeTrackerWidgets */,
				AE82FDEC3011600A00DF4692 /* TimeTrackerTests */,
				AE82FDF63011600A00DF4692 /* TimeTrackerUITests */,
				AE82FDDD3011600800DF4692 /* Products */,
			);
			sourceTree = "<group>";
		};
		AE82FDDD3011600800DF4692 /* Products */ = {
			isa = PBXGroup;
			children = (
				AE82FDDC3011600800DF4692 /* TimeTracker.app */,
				AE82FDE93011600A00DF4692 /* TimeTrackerTests.xctest */,
				AE82FDF33011600A00DF4692 /* TimeTrackerUITests.xctest */,
				AE82FE100000000000000003 /* TimeTrackerWidgets.appex */,
			);
			name = Products;
			sourceTree = "<group>";
		};
/* End PBXGroup section */

/* Begin PBXNativeTarget section */
		AE82FDDB3011600800DF4692 /* TimeTracker */ = {
			isa = PBXNativeTarget;
			buildConfigurationList = AE82FDFD3011600A00DF4692 /* Build configuration list for PBXNativeTarget "TimeTracker" */;
			buildPhases = (
				AE82FDD83011600800DF4692 /* Sources */,
				AE82FDD93011600800DF4692 /* Frameworks */,
				AE82FDDA3011600800DF4692 /* Resources */,
				AE82FE10000000000000000B /* Embed Foundation Extensions */,
			);
			buildRules = (
			);
			dependencies = (
				AE82FE10000000000000000E /* PBXTargetDependency */,
			);
			fileSystemSynchronizedGroups = (
				AE82FDDE3011600800DF4692 /* TimeTracker */,
				AE82FE100000000000000001 /* Shared */,
			);
			name = TimeTracker;
			packageProductDependencies = (
			);
			productName = TimeTracker;
			productReference = AE82FDDC3011600800DF4692 /* TimeTracker.app */;
			productType = "com.apple.product-type.application";
		};
		AE82FDE83011600A00DF4692 /* TimeTrackerTests */ = {
			isa = PBXNativeTarget;
			buildConfigurationList = AE82FE003011600A00DF4692 /* Build configuration list for PBXNativeTarget "TimeTrackerTests" */;
			buildPhases = (
				AE82FDE53011600A00DF4692 /* Sources */,
				AE82FDE63011600A00DF4692 /* Frameworks */,
				AE82FDE73011600A00DF4692 /* Resources */,
			);
			buildRules = (
			);
			dependencies = (
				AE82FDEB3011600A00DF4692 /* PBXTargetDependency */,
			);
			fileSystemSynchronizedGroups = (
				AE82FDEC3011600A00DF4692 /* TimeTrackerTests */,
			);
			name = TimeTrackerTests;
			packageProductDependencies = (
			);
			productName = TimeTrackerTests;
			productReference = AE82FDE93011600A00DF4692 /* TimeTrackerTests.xctest */;
			productType = "com.apple.product-type.bundle.unit-test";
		};
		AE82FDF23011600A00DF4692 /* TimeTrackerUITests */ = {
			isa = PBXNativeTarget;
			buildConfigurationList = AE82FE033011600A00DF4692 /* Build configuration list for PBXNativeTarget "TimeTrackerUITests" */;
			buildPhases = (
				AE82FDEF3011600A00DF4692 /* Sources */,
				AE82FDF03011600A00DF4692 /* Frameworks */,
				AE82FDF13011600A00DF4692 /* Resources */,
			);
			buildRules = (
			);
			dependencies = (
				AE82FDF53011600A00DF4692 /* PBXTargetDependency */,
			);
			fileSystemSynchronizedGroups = (
				AE82FDF63011600A00DF4692 /* TimeTrackerUITests */,
			);
			name = TimeTrackerUITests;
			packageProductDependencies = (
			);
			productName = TimeTrackerUITests;
			productReference = AE82FDF33011600A00DF4692 /* TimeTrackerUITests.xctest */;
			productType = "com.apple.product-type.bundle.ui-testing";
		};
		AE82FE100000000000000004 /* TimeTrackerWidgets */ = {
			isa = PBXNativeTarget;
			buildConfigurationList = AE82FE100000000000000008 /* Build configuration list for PBXNativeTarget "TimeTrackerWidgets" */;
			buildPhases = (
				AE82FE100000000000000005 /* Sources */,
				AE82FE100000000000000006 /* Frameworks */,
				AE82FE100000000000000007 /* Resources */,
			);
			buildRules = (
			);
			dependencies = (
			);
			fileSystemSynchronizedGroups = (
				AE82FE100000000000000001 /* Shared */,
				AE82FE100000000000000002 /* TimeTrackerWidgets */,
			);
			name = TimeTrackerWidgets;
			packageProductDependencies = (
			);
			productName = TimeTrackerWidgets;
			productReference = AE82FE100000000000000003 /* TimeTrackerWidgets.appex */;
			productType = "com.apple.product-type.app-extension";
		};
/* End PBXNativeTarget section */

/* Begin PBXProject section */
		AE82FDD43011600800DF4692 /* Project object */ = {
			isa = PBXProject;
			attributes = {
				BuildIndependentTargetsInParallel = 1;
				LastSwiftUpdateCheck = 2610;
				LastUpgradeCheck = 2610;
				TargetAttributes = {
					AE82FDDB3011600800DF4692 = {
						CreatedOnToolsVersion = 26.1.1;
					};
					AE82FDE83011600A00DF4692 = {
						CreatedOnToolsVersion = 26.1.1;
						TestTargetID = AE82FDDB3011600800DF4692;
					};
					AE82FDF23011600A00DF4692 = {
						CreatedOnToolsVersion = 26.1.1;
						TestTargetID = AE82FDDB3011600800DF4692;
					};
					AE82FE100000000000000004 = {
						CreatedOnToolsVersion = 26.1.1;
					};
				};
			};
			buildConfigurationList = AE82FDD73011600800DF4692 /* Build configuration list for PBXProject "TimeTracker" */;
			developmentRegion = en;
			hasScannedForEncodings = 0;
			knownRegions = (
				en,
				Base,
			);
			mainGroup = AE82FDD33011600800DF4692;
			minimizedProjectReferenceProxies = 1;
			preferredProjectObjectVersion = 77;
			productRefGroup = AE82FDDD3011600800DF4692 /* Products */;
			projectDirPath = "";
			projectRoot = "";
			targets = (
				AE82FDDB3011600800DF4692 /* TimeTracker */,
				AE82FDE83011600A00DF4692 /* TimeTrackerTests */,
				AE82FDF23011600A00DF4692 /* TimeTrackerUITests */,
				AE82FE100000000000000004 /* TimeTrackerWidgets */,
			);
		};
/* End PBXProject section */

/* Begin PBXResourcesBuildPhase section */
		AE82FDDA3011600800DF4692 /* Resources */ = {
			isa = PBXResourcesBuildPhase;
			buildActionMask = 2147483647;
			files = (
			);
			runOnlyForDeploymentPostprocessing = 0;
		};
		AE82FDE73011600A00DF4692 /* Resources */ = {
			isa = PBXResourcesBuildPhase;
			buildActionMask = 2147483647;
			files = (
			);
			runOnlyForDeploymentPostprocessing = 0;
		};
		AE82FDF13011600A00DF4692 /* Resources */ = {
			isa = PBXResourcesBuildPhase;
			buildActionMask = 2147483647;
			files = (
			);
			runOnlyForDeploymentPostprocessing = 0;
		};
		AE82FE100000000000000007 /* Resources */ = {
			isa = PBXResourcesBuildPhase;
			buildActionMask = 2147483647;
			files = (
			);
			runOnlyForDeploymentPostprocessing = 0;
		};
/* End PBXResourcesBuildPhase section */

/* Begin PBXSourcesBuildPhase section */
		AE82FDD83011600800DF4692 /* Sources */ = {
			isa = PBXSourcesBuildPhase;
			buildActionMask = 2147483647;
			files = (
			);
			runOnlyForDeploymentPostprocessing = 0;
		};
		AE82FDE53011600A00DF4692 /* Sources */ = {
			isa = PBXSourcesBuildPhase;
			buildActionMask = 2147483647;
			files = (
			);
			runOnlyForDeploymentPostprocessing = 0;
		};
		AE82FDEF3011600A00DF4692 /* Sources */ = {
			isa = PBXSourcesBuildPhase;
			buildActionMask = 2147483647;
			files = (
			);
			runOnlyForDeploymentPostprocessing = 0;
		};
		AE82FE100000000000000005 /* Sources */ = {
			isa = PBXSourcesBuildPhase;
			buildActionMask = 2147483647;
			files = (
			);
			runOnlyForDeploymentPostprocessing = 0;
		};
/* End PBXSourcesBuildPhase section */

/* Begin PBXTargetDependency section */
		AE82FDEB3011600A00DF4692 /* PBXTargetDependency */ = {
			isa = PBXTargetDependency;
			target = AE82FDDB3011600800DF4692 /* TimeTracker */;
			targetProxy = AE82FDEA3011600A00DF4692 /* PBXContainerItemProxy */;
		};
		AE82FDF53011600A00DF4692 /* PBXTargetDependency */ = {
			isa = PBXTargetDependency;
			target = AE82FDDB3011600800DF4692 /* TimeTracker */;
			targetProxy = AE82FDF43011600A00DF4692 /* PBXContainerItemProxy */;
		};
		AE82FE10000000000000000E /* PBXTargetDependency */ = {
			isa = PBXTargetDependency;
			target = AE82FE100000000000000004 /* TimeTrackerWidgets */;
			targetProxy = AE82FE10000000000000000D /* PBXContainerItemProxy */;
		};
/* End PBXTargetDependency section */

/* Begin XCBuildConfiguration section */
		AE82FDFB3011600A00DF4692 /* Debug */ = {
			isa = XCBuildConfiguration;
			buildSettings = {
				ALWAYS_SEARCH_USER_PATHS = NO;
				ASSETCATALOG_COMPILER_GENERATE_SWIFT_ASSET_SYMBOL_EXTENSIONS = YES;
				CLANG_ANALYZER_NONNULL = YES;
				CLANG_ANALYZER_NUMBER_OBJECT_CONVERSION = YES_AGGRESSIVE;
				CLANG_CXX_LANGUAGE_STANDARD = "gnu++20";
				CLANG_ENABLE_MODULES = YES;
				CLANG_ENABLE_OBJC_ARC = YES;
				CLANG_ENABLE_OBJC_WEAK = YES;
				CLANG_WARN_BLOCK_CAPTURE_AUTORELEASING = YES;
				CLANG_WARN_BOOL_CONVERSION = YES;
				CLANG_WARN_COMMA = YES;
				CLANG_WARN_CONSTANT_CONVERSION = YES;
				CLANG_WARN_DEPRECATED_OBJC_IMPLEMENTATIONS = YES;
				CLANG_WARN_DIRECT_OBJC_ISA_USAGE = YES_ERROR;
				CLANG_WARN_DOCUMENTATION_COMMENTS = YES;
				CLANG_WARN_EMPTY_BODY = YES;
				CLANG_WARN_ENUM_CONVERSION = YES;
				CLANG_WARN_INFINITE_RECURSION = YES;
				CLANG_WARN_INT_CONVERSION = YES;
				CLANG_WARN_NON_LITERAL_NULL_CONVERSION = YES;
				CLANG_WARN_OBJC_IMPLICIT_RETAIN_SELF = YES;
				CLANG_WARN_OBJC_LITERAL_CONVERSION = YES;
				CLANG_WARN_OBJC_ROOT_CLASS = YES_ERROR;
				CLANG_WARN_QUOTED_INCLUDE_IN_FRAMEWORK_HEADER = YES;
				CLANG_WARN_RANGE_LOOP_ANALYSIS = YES;
				CLANG_WARN_STRICT_PROTOTYPES = YES;
				CLANG_WARN_SUSPICIOUS_MOVE = YES;
				CLANG_WARN_UNGUARDED_AVAILABILITY = YES_AGGRESSIVE;
				CLANG_WARN_UNREACHABLE_CODE = YES;
				CLANG_WARN__DUPLICATE_METHOD_MATCH = YES;
				COPY_PHASE_STRIP = NO;
				DEBUG_INFORMATION_FORMAT = dwarf;
				DEVELOPMENT_TEAM = WJL5PCKNTV;
				ENABLE_STRICT_OBJC_MSGSEND = YES;
				ENABLE_TESTABILITY = YES;
				ENABLE_USER_SCRIPT_SANDBOXING = YES;
				GCC_C_LANGUAGE_STANDARD = gnu17;
				GCC_DYNAMIC_NO_PIC = NO;
				GCC_NO_COMMON_BLOCKS = YES;
				GCC_OPTIMIZATION_LEVEL = 0;
				GCC_PREPROCESSOR_DEFINITIONS = (
					"DEBUG=1",
					"$(inherited)",
				);
				GCC_WARN_64_TO_32_BIT_CONVERSION = YES;
				GCC_WARN_ABOUT_RETURN_TYPE = YES_ERROR;
				GCC_WARN_UNDECLARED_SELECTOR = YES;
				GCC_WARN_UNINITIALIZED_AUTOS = YES_AGGRESSIVE;
				GCC_WARN_UNUSED_FUNCTION = YES;
				GCC_WARN_UNUSED_VARIABLE = YES;
				IPHONEOS_DEPLOYMENT_TARGET = 26.1;
				LOCALIZATION_PREFERS_STRING_CATALOGS = YES;
				MTL_ENABLE_DEBUG_INFO = INCLUDE_SOURCE;
				MTL_FAST_MATH = YES;
				ONLY_ACTIVE_ARCH = YES;
				SDKROOT = iphoneos;
				SWIFT_ACTIVE_COMPILATION_CONDITIONS = "DEBUG $(inherited)";
				SWIFT_OPTIMIZATION_LEVEL = "-Onone";
			};
			name = Debug;
		};
		AE82FDFC3011600A00DF4692 /* Release */ = {
			isa = XCBuildConfiguration;
			buildSettings = {
				ALWAYS_SEARCH_USER_PATHS = NO;
				ASSETCATALOG_COMPILER_GENERATE_SWIFT_ASSET_SYMBOL_EXTENSIONS = YES;
				CLANG_ANALYZER_NONNULL = YES;
				CLANG_ANALYZER_NUMBER_OBJECT_CONVERSION = YES_AGGRESSIVE;
				CLANG_CXX_LANGUAGE_STANDARD = "gnu++20";
				CLANG_ENABLE_MODULES = YES;
				CLANG_ENABLE_OBJC_ARC = YES;
				CLANG_ENABLE_OBJC_WEAK = YES;
				CLANG_WARN_BLOCK_CAPTURE_AUTORELEASING = YES;
				CLANG_WARN_BOOL_CONVERSION = YES;
				CLANG_WARN_COMMA = YES;
				CLANG_WARN_CONSTANT_CONVERSION = YES;
				CLANG_WARN_DEPRECATED_OBJC_IMPLEMENTATIONS = YES;
				CLANG_WARN_DIRECT_OBJC_ISA_USAGE = YES_ERROR;
				CLANG_WARN_DOCUMENTATION_COMMENTS = YES;
				CLANG_WARN_EMPTY_BODY = YES;
				CLANG_WARN_ENUM_CONVERSION = YES;
				CLANG_WARN_INFINITE_RECURSION = YES;
				CLANG_WARN_INT_CONVERSION = YES;
				CLANG_WARN_NON_LITERAL_NULL_CONVERSION = YES;
				CLANG_WARN_OBJC_IMPLICIT_RETAIN_SELF = YES;
				CLANG_WARN_OBJC_LITERAL_CONVERSION = YES;
				CLANG_WARN_OBJC_ROOT_CLASS = YES_ERROR;
				CLANG_WARN_QUOTED_INCLUDE_IN_FRAMEWORK_HEADER = YES;
				CLANG_WARN_RANGE_LOOP_ANALYSIS = YES;
				CLANG_WARN_STRICT_PROTOTYPES = YES;
				CLANG_WARN_SUSPICIOUS_MOVE = YES;
				CLANG_WARN_UNGUARDED_AVAILABILITY = YES_AGGRESSIVE;
				CLANG_WARN_UNREACHABLE_CODE = YES;
				CLANG_WARN__DUPLICATE_METHOD_MATCH = YES;
				COPY_PHASE_STRIP = NO;
				DEBUG_INFORMATION_FORMAT = "dwarf-with-dsym";
				DEVELOPMENT_TEAM = WJL5PCKNTV;
				ENABLE_NS_ASSERTIONS = NO;
				ENABLE_STRICT_OBJC_MSGSEND = YES;
				ENABLE_USER_SCRIPT_SANDBOXING = YES;
				GCC_C_LANGUAGE_STANDARD = gnu17;
				GCC_NO_COMMON_BLOCKS = YES;
				GCC_WARN_64_TO_32_BIT_CONVERSION = YES;
				GCC_WARN_ABOUT_RETURN_TYPE = YES_ERROR;
				GCC_WARN_UNDECLARED_SELECTOR = YES;
				GCC_WARN_UNINITIALIZED_AUTOS = YES_AGGRESSIVE;
				GCC_WARN_UNUSED_FUNCTION = YES;
				GCC_WARN_UNUSED_VARIABLE = YES;
				IPHONEOS_DEPLOYMENT_TARGET = 26.1;
				LOCALIZATION_PREFERS_STRING_CATALOGS = YES;
				MTL_ENABLE_DEBUG_INFO = NO;
				MTL_FAST_MATH = YES;
				SDKROOT = iphoneos;
				SWIFT_COMPILATION_MODE = wholemodule;
				VALIDATE_PRODUCT = YES;
			};
			name = Release;
		};
		AE82FDFE3011600A00DF4692 /* Debug */ = {
			isa = XCBuildConfiguration;
			buildSettings = {
				ASSETCATALOG_COMPILER_APPICON_NAME = AppIcon;
				ASSETCATALOG_COMPILER_GLOBAL_ACCENT_COLOR_NAME = AccentColor;
				CODE_SIGN_ENTITLEMENTS = TimeTracker/TimeTracker.entitlements;
				CODE_SIGN_STYLE = Automatic;
				CURRENT_PROJECT_VERSION = 1;
				DEVELOPMENT_TEAM = WJL5PCKNTV;
				ENABLE_PREVIEWS = YES;
				GENERATE_INFOPLIST_FILE = NO;
				INFOPLIST_FILE = TimeTracker/Info.plist;
				LD_RUNPATH_SEARCH_PATHS = (
					"$(inherited)",
					"@executable_path/Frameworks",
				);
				MARKETING_VERSION = 1.0;
				PRODUCT_BUNDLE_IDENTIFIER = at.janez.TimeTracker;
				PRODUCT_NAME = "$(TARGET_NAME)";
				SHARED_KEYCHAIN_ACCESS_GROUP = "$(AppIdentifierPrefix)at.janez.TimeTracker.shared";
				STRING_CATALOG_GENERATE_SYMBOLS = YES;
				SWIFT_APPROACHABLE_CONCURRENCY = YES;
				SWIFT_DEFAULT_ACTOR_ISOLATION = MainActor;
				SWIFT_EMIT_LOC_STRINGS = YES;
				SWIFT_UPCOMING_FEATURE_MEMBER_IMPORT_VISIBILITY = YES;
				SWIFT_VERSION = 5.0;
				TARGETED_DEVICE_FAMILY = "1,2";
			};
			name = Debug;
		};
		AE82FDFF3011600A00DF4692 /* Release */ = {
			isa = XCBuildConfiguration;
			buildSettings = {
				ASSETCATALOG_COMPILER_APPICON_NAME = AppIcon;
				ASSETCATALOG_COMPILER_GLOBAL_ACCENT_COLOR_NAME = AccentColor;
				CODE_SIGN_ENTITLEMENTS = TimeTracker/TimeTracker.entitlements;
				CODE_SIGN_STYLE = Automatic;
				CURRENT_PROJECT_VERSION = 1;
				DEVELOPMENT_TEAM = WJL5PCKNTV;
				ENABLE_PREVIEWS = YES;
				GENERATE_INFOPLIST_FILE = NO;
				INFOPLIST_FILE = TimeTracker/Info.plist;
				LD_RUNPATH_SEARCH_PATHS = (
					"$(inherited)",
					"@executable_path/Frameworks",
				);
				MARKETING_VERSION = 1.0;
				PRODUCT_BUNDLE_IDENTIFIER = at.janez.TimeTracker;
				PRODUCT_NAME = "$(TARGET_NAME)";
				SHARED_KEYCHAIN_ACCESS_GROUP = "$(AppIdentifierPrefix)at.janez.TimeTracker.shared";
				STRING_CATALOG_GENERATE_SYMBOLS = YES;
				SWIFT_APPROACHABLE_CONCURRENCY = YES;
				SWIFT_DEFAULT_ACTOR_ISOLATION = MainActor;
				SWIFT_EMIT_LOC_STRINGS = YES;
				SWIFT_UPCOMING_FEATURE_MEMBER_IMPORT_VISIBILITY = YES;
				SWIFT_VERSION = 5.0;
				TARGETED_DEVICE_FAMILY = "1,2";
			};
			name = Release;
		};
		AE82FE013011600A00DF4692 /* Debug */ = {
			isa = XCBuildConfiguration;
			buildSettings = {
				BUNDLE_LOADER = "$(TEST_HOST)";
				CODE_SIGN_STYLE = Automatic;
				CURRENT_PROJECT_VERSION = 1;
				DEVELOPMENT_TEAM = WJL5PCKNTV;
				GENERATE_INFOPLIST_FILE = YES;
				IPHONEOS_DEPLOYMENT_TARGET = 26.1;
				MARKETING_VERSION = 1.0;
				PRODUCT_BUNDLE_IDENTIFIER = at.janez.TimeTrackerTests;
				PRODUCT_NAME = "$(TARGET_NAME)";
				STRING_CATALOG_GENERATE_SYMBOLS = NO;
				SWIFT_APPROACHABLE_CONCURRENCY = YES;
				SWIFT_EMIT_LOC_STRINGS = NO;
				SWIFT_UPCOMING_FEATURE_MEMBER_IMPORT_VISIBILITY = YES;
				SWIFT_VERSION = 5.0;
				TARGETED_DEVICE_FAMILY = "1,2";
				TEST_HOST = "$(BUILT_PRODUCTS_DIR)/TimeTracker.app/$(BUNDLE_EXECUTABLE_FOLDER_PATH)/TimeTracker";
			};
			name = Debug;
		};
		AE82FE023011600A00DF4692 /* Release */ = {
			isa = XCBuildConfiguration;
			buildSettings = {
				BUNDLE_LOADER = "$(TEST_HOST)";
				CODE_SIGN_STYLE = Automatic;
				CURRENT_PROJECT_VERSION = 1;
				DEVELOPMENT_TEAM = WJL5PCKNTV;
				GENERATE_INFOPLIST_FILE = YES;
				IPHONEOS_DEPLOYMENT_TARGET = 26.1;
				MARKETING_VERSION = 1.0;
				PRODUCT_BUNDLE_IDENTIFIER = at.janez.TimeTrackerTests;
				PRODUCT_NAME = "$(TARGET_NAME)";
				STRING_CATALOG_GENERATE_SYMBOLS = NO;
				SWIFT_APPROACHABLE_CONCURRENCY = YES;
				SWIFT_EMIT_LOC_STRINGS = NO;
				SWIFT_UPCOMING_FEATURE_MEMBER_IMPORT_VISIBILITY = YES;
				SWIFT_VERSION = 5.0;
				TARGETED_DEVICE_FAMILY = "1,2";
				TEST_HOST = "$(BUILT_PRODUCTS_DIR)/TimeTracker.app/$(BUNDLE_EXECUTABLE_FOLDER_PATH)/TimeTracker";
			};
			name = Release;
		};
		AE82FE043011600A00DF4692 /* Debug */ = {
			isa = XCBuildConfiguration;
			buildSettings = {
				CODE_SIGN_STYLE = Automatic;
				CURRENT_PROJECT_VERSION = 1;
				DEVELOPMENT_TEAM = WJL5PCKNTV;
				GENERATE_INFOPLIST_FILE = YES;
				MARKETING_VERSION = 1.0;
				PRODUCT_BUNDLE_IDENTIFIER = at.janez.TimeTrackerUITests;
				PRODUCT_NAME = "$(TARGET_NAME)";
				STRING_CATALOG_GENERATE_SYMBOLS = NO;
				SWIFT_APPROACHABLE_CONCURRENCY = YES;
				SWIFT_EMIT_LOC_STRINGS = NO;
				SWIFT_UPCOMING_FEATURE_MEMBER_IMPORT_VISIBILITY = YES;
				SWIFT_VERSION = 5.0;
				TARGETED_DEVICE_FAMILY = "1,2";
				TEST_TARGET_NAME = TimeTracker;
			};
			name = Debug;
		};
		AE82FE053011600A00DF4692 /* Release */ = {
			isa = XCBuildConfiguration;
			buildSettings = {
				CODE_SIGN_STYLE = Automatic;
				CURRENT_PROJECT_VERSION = 1;
				DEVELOPMENT_TEAM = WJL5PCKNTV;
				GENERATE_INFOPLIST_FILE = YES;
				MARKETING_VERSION = 1.0;
				PRODUCT_BUNDLE_IDENTIFIER = at.janez.TimeTrackerUITests;
				PRODUCT_NAME = "$(TARGET_NAME)";
				STRING_CATALOG_GENERATE_SYMBOLS = NO;
				SWIFT_APPROACHABLE_CONCURRENCY = YES;
				SWIFT_EMIT_LOC_STRINGS = NO;
				SWIFT_UPCOMING_FEATURE_MEMBER_IMPORT_VISIBILITY = YES;
				SWIFT_VERSION = 5.0;
				TARGETED_DEVICE_FAMILY = "1,2";
				TEST_TARGET_NAME = TimeTracker;
			};
			name = Release;
		};
		AE82FE100000000000000009 /* Debug */ = {
			isa = XCBuildConfiguration;
			buildSettings = {
				CODE_SIGN_ENTITLEMENTS = TimeTrackerWidgets/TimeTrackerWidgets.entitlements;
				CODE_SIGN_STYLE = Automatic;
				CURRENT_PROJECT_VERSION = 1;
				DEVELOPMENT_TEAM = WJL5PCKNTV;
				GENERATE_INFOPLIST_FILE = YES;
				INFOPLIST_FILE = TimeTrackerWidgets/Info.plist;
				INFOPLIST_KEY_CFBundleDisplayName = TimeTrackerWidgets;
				LD_RUNPATH_SEARCH_PATHS = (
					"$(inherited)",
					"@executable_path/Frameworks",
					"@executable_path/../../Frameworks",
				);
				MARKETING_VERSION = 1.0;
				PRODUCT_BUNDLE_IDENTIFIER = at.janez.TimeTracker.Widgets;
				PRODUCT_NAME = "$(TARGET_NAME)";
				SHARED_KEYCHAIN_ACCESS_GROUP = "$(AppIdentifierPrefix)at.janez.TimeTracker.shared";
				SKIP_INSTALL = YES;
				SWIFT_APPROACHABLE_CONCURRENCY = YES;
				SWIFT_DEFAULT_ACTOR_ISOLATION = MainActor;
				SWIFT_EMIT_LOC_STRINGS = YES;
				SWIFT_UPCOMING_FEATURE_MEMBER_IMPORT_VISIBILITY = YES;
				SWIFT_VERSION = 5.0;
				TARGETED_DEVICE_FAMILY = "1,2";
			};
			name = Debug;
		};
		AE82FE10000000000000000A /* Release */ = {
			isa = XCBuildConfiguration;
			buildSettings = {
				CODE_SIGN_ENTITLEMENTS = TimeTrackerWidgets/TimeTrackerWidgets.entitlements;
				CODE_SIGN_STYLE = Automatic;
				CURRENT_PROJECT_VERSION = 1;
				DEVELOPMENT_TEAM = WJL5PCKNTV;
				GENERATE_INFOPLIST_FILE = YES;
				INFOPLIST_FILE = TimeTrackerWidgets/Info.plist;
				INFOPLIST_KEY_CFBundleDisplayName = TimeTrackerWidgets;
				LD_RUNPATH_SEARCH_PATHS = (
					"$(inherited)",
					"@executable_path/Frameworks",
					"@executable_path/../../Frameworks",
				);
				MARKETING_VERSION = 1.0;
				PRODUCT_BUNDLE_IDENTIFIER = at.janez.TimeTracker.Widgets;
				PRODUCT_NAME = "$(TARGET_NAME)";
				SHARED_KEYCHAIN_ACCESS_GROUP = "$(AppIdentifierPrefix)at.janez.TimeTracker.shared";
				SKIP_INSTALL = YES;
				SWIFT_APPROACHABLE_CONCURRENCY = YES;
				SWIFT_DEFAULT_ACTOR_ISOLATION = MainActor;
				SWIFT_EMIT_LOC_STRINGS = YES;
				SWIFT_UPCOMING_FEATURE_MEMBER_IMPORT_VISIBILITY = YES;
				SWIFT_VERSION = 5.0;
				TARGETED_DEVICE_FAMILY = "1,2";
			};
			name = Release;
		};
/* End XCBuildConfiguration section */

/* Begin XCConfigurationList section */
		AE82FDD73011600800DF4692 /* Build configuration list for PBXProject "TimeTracker" */ = {
			isa = XCConfigurationList;
			buildConfigurations = (
				AE82FDFB3011600A00DF4692 /* Debug */,
				AE82FDFC3011600A00DF4692 /* Release */,
			);
			defaultConfigurationIsVisible = 0;
			defaultConfigurationName = Release;
		};
		AE82FDFD3011600A00DF4692 /* Build configuration list for PBXNativeTarget "TimeTracker" */ = {
			isa = XCConfigurationList;
			buildConfigurations = (
				AE82FDFE3011600A00DF4692 /* Debug */,
				AE82FDFF3011600A00DF4692 /* Release */,
			);
			defaultConfigurationIsVisible = 0;
			defaultConfigurationName = Release;
		};
		AE82FE003011600A00DF4692 /* Build configuration list for PBXNativeTarget "TimeTrackerTests" */ = {
			isa = XCConfigurationList;
			buildConfigurations = (
				AE82FE013011600A00DF4692 /* Debug */,
				AE82FE023011600A00DF4692 /* Release */,
			);
			defaultConfigurationIsVisible = 0;
			defaultConfigurationName = Release;
		};
		AE82FE033011600A00DF4692 /* Build configuration list for PBXNativeTarget "TimeTrackerUITests" */ = {
			isa = XCConfigurationList;
			buildConfigurations = (
				AE82FE043011600A00DF4692 /* Debug */,
				AE82FE053011600A00DF4692 /* Release */,
			);
			defaultConfigurationIsVisible = 0;
			defaultConfigurationName = Release;
		};
		AE82FE100000000000000008 /* Build configuration list for PBXNativeTarget "TimeTrackerWidgets" */ = {
			isa = XCConfigurationList;
			buildConfigurations = (
				AE82FE100000000000000009 /* Debug */,
				AE82FE10000000000000000A /* Release */,
			);
			defaultConfigurationIsVisible = 0;
			defaultConfigurationName = Release;
		};
/* End XCConfigurationList section */
	};
	rootObject = AE82FDD43011600800DF4692 /* Project object */;
}
